{
  "version": 4,
  "terraform_version": "1.9.4",
  "serial": 5,
  "lineage": "8452f4ef-2d92-a506-bec3-b177d0575e92",
  "outputs": {},
  "resources": [
    {
      "mode": "managed",
      "type": "azurerm_key_vault",
      "name": "kv",
      "provider": "provider[\"registry.terraform.io/hashicorp/azurerm\"]",
      "instances": [
        {
          "schema_version": 2,
          "attributes": {
            "access_policy": [],
            "contact": [],
            "enable_rbac_authorization": false,
            "enabled_for_deployment": false,
            "enabled_for_disk_encryption": false,
            "enabled_for_template_deployment": false,
            "id": "/subscriptions/3ae48e78-8aff-4e18-ae8c-48f2d8cd0448/resourceGroups/trial-services-eastus-rg/providers/Microsoft.KeyVault/vaults/trial-appstore-dev-kv",
            "location": "eastus",
            "name": "trial-appstore-dev-kv",
            "network_acls": [
              {
                "bypass": "AzureServices",
                "default_action": "Allow",
                "ip_rules": [],
                "virtual_network_subnet_ids": []
              }
            ],
            "purge_protection_enabled": false,
            "resource_group_name": "trial-services-eastus-rg",
            "sku_name": "standard",
            "soft_delete_retention_days": 90,
            "tags": {
              "DeployedBy": "Shre",
              "Environment": "Dev"
            },
            "tenant_id": "63c70cdf-c355-461c-a4f4-b0d8f939fe0b",
            "timeouts": null,
            "vault_uri": "https://trial-appstore-dev-kv.vault.azure.net/"
          },
          "sensitive_attributes": [],
          "private": "eyJlMmJmYjczMC1lY2FhLTExZTYtOGY4OC0zNDM2M2JjN2M0YzAiOnsiY3JlYXRlIjoxODAwMDAwMDAwMDAwLCJkZWxldGUiOjE4MDAwMDAwMDAwMDAsInJlYWQiOjMwMDAwMDAwMDAwMCwidXBkYXRlIjoxODAwMDAwMDAwMDAwfSwic2NoZW1hX3ZlcnNpb24iOiIyIn0="
        }
      ]
    },
    {
      "mode": "managed",
      "type": "azurerm_resource_group",
      "name": "rg",
      "provider": "provider[\"registry.terraform.io/hashicorp/azurerm\"]",
      "instances": [
        {
          "schema_version": 0,
          "attributes": {
            "id": "/subscriptions/3ae48e78-8aff-4e18-ae8c-48f2d8cd0448/resourceGroups/trial-services-eastus-rg",
            "location": "eastus",
            "name": "trial-services-eastus-rg",
            "tags": {},
            "timeouts": null
          },
          "sensitive_attributes": [],
          "private": "eyJlMmJmYjczMC1lY2FhLTExZTYtOGY4OC0zNDM2M2JjN2M0YzAiOnsiY3JlYXRlIjo1NDAwMDAwMDAwMDAwLCJkZWxldGUiOjU0MDAwMDAwMDAwMDAsInJlYWQiOjMwMDAwMDAwMDAwMCwidXBkYXRlIjo1NDAwMDAwMDAwMDAwfX0="
        }
      ]
    }
  ],
  "check_results": null
}
